
Microsoft Visual Studio Solution File, Format Version 12.00
# Visual Studio 14
VisualStudioVersion = 14.0.23107.0
MinimumVisualStudioVersion = 10.0.40219.1
Project("{8BC9CEB8-8B4A-11D0-8D11-00A0C91BC942}") = "TemcoPartsVendors", "T3000\T3000.vcxproj", "{F7226464-C41C-4909-BF74-97328B72FFC8}"
EndProject
Project("{FAE04EC0-301F-11D3-BF4B-00C04F79EFBC}") = "PVReporter", "PVReporter\PVReporter.csproj", "{3A4324B7-68B9-4B11-9A73-2F497E56340C}"
EndProject
Global
	GlobalSection(SolutionConfigurationPlatforms) = preSolution
		Debug|Any CPU = Debug|Any CPU
		Debug|Mixed Platforms = Debug|Mixed Platforms
		Debug|Win32 = Debug|Win32
		Debug|x86 = Debug|x86
		Release|Any CPU = Release|Any CPU
		Release|Mixed Platforms = Release|Mixed Platforms
		Release|Win32 = Release|Win32
		Release|x86 = Release|x86
		Template|Any CPU = Template|Any CPU
		Template|Mixed Platforms = Template|Mixed Platforms
		Template|Win32 = Template|Win32
		Template|x86 = Template|x86
		Unicode Debug|Any CPU = Unicode Debug|Any CPU
		Unicode Debug|Mixed Platforms = Unicode Debug|Mixed Platforms
		Unicode Debug|Win32 = Unicode Debug|Win32
		Unicode Debug|x86 = Unicode Debug|x86
		Unicode Release|Any CPU = Unicode Release|Any CPU
		Unicode Release|Mixed Platforms = Unicode Release|Mixed Platforms
		Unicode Release|Win32 = Unicode Release|Win32
		Unicode Release|x86 = Unicode Release|x86
	EndGlobalSection
	GlobalSection(ProjectConfigurationPlatforms) = postSolution
		{F7226464-C41C-4909-BF74-97328B72FFC8}.Debug|Any CPU.ActiveCfg = Debug|Win32
		{F7226464-C41C-4909-BF74-97328B72FFC8}.Debug|Mixed Platforms.ActiveCfg = Debug|Win32
		{F7226464-C41C-4909-BF74-97328B72FFC8}.Debug|Mixed Platforms.Build.0 = Debug|Win32
		{F7226464-C41C-4909-BF74-97328B72FFC8}.Debug|Win32.ActiveCfg = Debug|Win32
		{F7226464-C41C-4909-BF74-97328B72FFC8}.Debug|Win32.Build.0 = Debug|Win32
		{F7226464-C41C-4909-BF74-97328B72FFC8}.Debug|x86.ActiveCfg = Debug|Win32
		{F7226464-C41C-4909-BF74-97328B72FFC8}.Release|Any CPU.ActiveCfg = Release|Win32
		{F7226464-C41C-4909-BF74-97328B72FFC8}.Release|Mixed Platforms.ActiveCfg = Release|Win32
		{F7226464-C41C-4909-BF74-97328B72FFC8}.Release|Mixed Platforms.Build.0 = Release|Win32
		{F7226464-C41C-4909-BF74-97328B72FFC8}.Release|Win32.ActiveCfg = Release|Win32
		{F7226464-C41C-4909-BF74-97328B72FFC8}.Release|Win32.Build.0 = Release|Win32
		{F7226464-C41C-4909-BF74-97328B72FFC8}.Release|x86.ActiveCfg = Release|Win32
		{F7226464-C41C-4909-BF74-97328B72FFC8}.Template|Any CPU.ActiveCfg = Template|Win32
		{F7226464-C41C-4909-BF74-97328B72FFC8}.Template|Mixed Platforms.ActiveCfg = Template|Win32
		{F7226464-C41C-4909-BF74-97328B72FFC8}.Template|Mixed Platforms.Build.0 = Template|Win32
		{F7226464-C41C-4909-BF74-97328B72FFC8}.Template|Win32.ActiveCfg = Template|Win32
		{F7226464-C41C-4909-BF74-97328B72FFC8}.Template|Win32.Build.0 = Template|Win32
		{F7226464-C41C-4909-BF74-97328B72FFC8}.Template|x86.ActiveCfg = Template|Win32
		{F7226464-C41C-4909-BF74-97328B72FFC8}.Unicode Debug|Any CPU.ActiveCfg = Debug|Win32
		{F7226464-C41C-4909-BF74-97328B72FFC8}.Unicode Debug|Mixed Platforms.ActiveCfg = Debug|Win32
		{F7226464-C41C-4909-BF74-97328B72FFC8}.Unicode Debug|Mixed Platforms.Build.0 = Debug|Win32
		{F7226464-C41C-4909-BF74-97328B72FFC8}.Unicode Debug|Win32.ActiveCfg = Debug|Win32
		{F7226464-C41C-4909-BF74-97328B72FFC8}.Unicode Debug|Win32.Build.0 = Debug|Win32
		{F7226464-C41C-4909-BF74-97328B72FFC8}.Unicode Debug|x86.ActiveCfg = Debug|Win32
		{F7226464-C41C-4909-BF74-97328B72FFC8}.Unicode Release|Any CPU.ActiveCfg = Release|Win32
		{F7226464-C41C-4909-BF74-97328B72FFC8}.Unicode Release|Mixed Platforms.ActiveCfg = Release|Win32
		{F7226464-C41C-4909-BF74-97328B72FFC8}.Unicode Release|Mixed Platforms.Build.0 = Release|Win32
		{F7226464-C41C-4909-BF74-97328B72FFC8}.Unicode Release|Win32.ActiveCfg = Release|Win32
		{F7226464-C41C-4909-BF74-97328B72FFC8}.Unicode Release|Win32.Build.0 = Release|Win32
		{F7226464-C41C-4909-BF74-97328B72FFC8}.Unicode Release|x86.ActiveCfg = Release|Win32
		{3A4324B7-68B9-4B11-9A73-2F497E56340C}.Debug|Any CPU.ActiveCfg = Debug|Any CPU
		{3A4324B7-68B9-4B11-9A73-2F497E56340C}.Debug|Any CPU.Build.0 = Debug|Any CPU
		{3A4324B7-68B9-4B11-9A73-2F497E56340C}.Debug|Mixed Platforms.ActiveCfg = Debug|Any CPU
		{3A4324B7-68B9-4B11-9A73-2F497E56340C}.Debug|Mixed Platforms.Build.0 = Debug|Any CPU
		{3A4324B7-68B9-4B11-9A73-2F497E56340C}.Debug|Win32.ActiveCfg = Debug|Any CPU
		{3A4324B7-68B9-4B11-9A73-2F497E56340C}.Debug|Win32.Build.0 = Debug|Any CPU
		{3A4324B7-68B9-4B11-9A73-2F497E56340C}.Debug|x86.ActiveCfg = Debug|Any CPU
		{3A4324B7-68B9-4B11-9A73-2F497E56340C}.Debug|x86.Build.0 = Debug|Any CPU
		{3A4324B7-68B9-4B11-9A73-2F497E56340C}.Release|Any CPU.ActiveCfg = Release|Any CPU
		{3A4324B7-68B9-4B11-9A73-2F497E56340C}.Release|Any CPU.Build.0 = Release|Any CPU
		{3A4324B7-68B9-4B11-9A73-2F497E56340C}.Release|Mixed Platforms.ActiveCfg = Release|Any CPU
		{3A4324B7-68B9-4B11-9A73-2F497E56340C}.Release|Mixed Platforms.Build.0 = Release|Any CPU
		{3A4324B7-68B9-4B11-9A73-2F497E56340C}.Release|Win32.ActiveCfg = Release|Any CPU
		{3A4324B7-68B9-4B11-9A73-2F497E56340C}.Release|Win32.Build.0 = Release|Any CPU
		{3A4324B7-68B9-4B11-9A73-2F497E56340C}.Release|x86.ActiveCfg = Release|Any CPU
		{3A4324B7-68B9-4B11-9A73-2F497E56340C}.Release|x86.Build.0 = Release|Any CPU
		{3A4324B7-68B9-4B11-9A73-2F497E56340C}.Template|Any CPU.ActiveCfg = Release|Any CPU
		{3A4324B7-68B9-4B11-9A73-2F497E56340C}.Template|Any CPU.Build.0 = Release|Any CPU
		{3A4324B7-68B9-4B11-9A73-2F497E56340C}.Template|Mixed Platforms.ActiveCfg = Release|Any CPU
		{3A4324B7-68B9-4B11-9A73-2F497E56340C}.Template|Mixed Platforms.Build.0 = Release|Any CPU
		{3A4324B7-68B9-4B11-9A73-2F497E56340C}.Template|Win32.ActiveCfg = Release|Any CPU
		{3A4324B7-68B9-4B11-9A73-2F497E56340C}.Template|Win32.Build.0 = Release|Any CPU
		{3A4324B7-68B9-4B11-9A73-2F497E56340C}.Template|x86.ActiveCfg = Release|Any CPU
		{3A4324B7-68B9-4B11-9A73-2F497E56340C}.Template|x86.Build.0 = Release|Any CPU
		{3A4324B7-68B9-4B11-9A73-2F497E56340C}.Unicode Debug|Any CPU.ActiveCfg = Debug|Any CPU
		{3A4324B7-68B9-4B11-9A73-2F497E56340C}.Unicode Debug|Any CPU.Build.0 = Debug|Any CPU
		{3A4324B7-68B9-4B11-9A73-2F497E56340C}.Unicode Debug|Mixed Platforms.ActiveCfg = Debug|Any CPU
		{3A4324B7-68B9-4B11-9A73-2F497E56340C}.Unicode Debug|Mixed Platforms.Build.0 = Debug|Any CPU
		{3A4324B7-68B9-4B11-9A73-2F497E56340C}.Unicode Debug|Win32.ActiveCfg = Debug|Any CPU
		{3A4324B7-68B9-4B11-9A73-2F497E56340C}.Unicode Debug|Win32.Build.0 = Debug|Any CPU
		{3A4324B7-68B9-4B11-9A73-2F497E56340C}.Unicode Debug|x86.ActiveCfg = Debug|Any CPU
		{3A4324B7-68B9-4B11-9A73-2F497E56340C}.Unicode Debug|x86.Build.0 = Debug|Any CPU
		{3A4324B7-68B9-4B11-9A73-2F497E56340C}.Unicode Release|Any CPU.ActiveCfg = Release|Any CPU
		{3A4324B7-68B9-4B11-9A73-2F497E56340C}.Unicode Release|Any CPU.Build.0 = Release|Any CPU
		{3A4324B7-68B9-4B11-9A73-2F497E56340C}.Unicode Release|Mixed Platforms.ActiveCfg = Release|Any CPU
		{3A4324B7-68B9-4B11-9A73-2F497E56340C}.Unicode Release|Mixed Platforms.Build.0 = Release|Any CPU
		{3A4324B7-68B9-4B11-9A73-2F497E56340C}.Unicode Release|Win32.ActiveCfg = Release|Any CPU
		{3A4324B7-68B9-4B11-9A73-2F497E56340C}.Unicode Release|Win32.Build.0 = Release|Any CPU
		{3A4324B7-68B9-4B11-9A73-2F497E56340C}.Unicode Release|x86.ActiveCfg = Release|Any CPU
		{3A4324B7-68B9-4B11-9A73-2F497E56340C}.Unicode Release|x86.Build.0 = Release|Any CPU
	EndGlobalSection
	GlobalSection(SolutionProperties) = preSolution
		HideSolutionNode = FALSE
	EndGlobalSection
EndGlobal
